
Microsoft Visual Studio Solution File, Format Version 12.00
# Visual Studio Version 16
VisualStudioVersion = 16.0.32802.440
MinimumVisualStudioVersion = 10.0.40219.1
Project("{FAE04EC0-301F-11D3-BF4B-00C04F79EFBC}") = "BuilderPatternApp", "BuilderPatternApp\BuilderPatternApp.csproj", "{A72461CD-6482-4A77-B1B5-448806765426}"
EndProject
Global
	GlobalSection(SolutionConfigurationPlatforms) = preSolution
		Debug|Any CPU = Debug|Any CPU
		Release|Any CPU = Release|Any CPU
	EndGlobalSection
	GlobalSection(ProjectConfigurationPlatforms) = postSolution
		{A72461CD-6482-4A77-B1B5-448806765426}.Debug|Any CPU.ActiveCfg = Debug|Any CPU
		{A72461CD-6482-4A77-B1B5-448806765426}.Debug|Any CPU.Build.0 = Debug|Any CPU
		{A72461CD-6482-4A77-B1B5-448806765426}.Release|Any CPU.ActiveCfg = Release|Any CPU
		{A72461CD-6482-4A77-B1B5-448806765426}.Release|Any CPU.Build.0 = Release|Any CPU
	EndGlobalSection
	GlobalSection(SolutionProperties) = preSolution
		HideSolutionNode = FALSE
	EndGlobalSection
	GlobalSection(ExtensibilityGlobals) = postSolution
		SolutionGuid = {D52ECF95-00D8-429E-983B-4CEE8296C827}
	EndGlobalSection
EndGlobal
